// !$*UTF8*$!
{
	archiveVersion = 1;
	classes = {
	};
	objectVersion = 50;
	objects = {

/* Begin PBXBuildFile section */
		5A26344820B2862E006F8CBB /* Localizable.strings in Resources */ = {isa = PBXBuildFile; fileRef = 5A26344A20B2862E006F8CBB /* Localizable.strings */; };
		5AFCB2B520AEF0A70040B41E /* AppDelegate.swift in Sources */ = {isa = PBXBuildFile; fileRef = 5AFCB2B420AEF0A70040B41E /* AppDelegate.swift */; };
		5AFCB2B720AEF0A70040B41E /* ViewController.swift in Sources */ = {isa = PBXBuildFile; fileRef = 5AFCB2B620AEF0A70040B41E /* ViewController.swift */; };
		5AFCB2BA20AEF0A70040B41E /* Main.storyboard in Resources */ = {isa = PBXBuildFile; fileRef = 5AFCB2B820AEF0A70040B41E /* Main.storyboard */; };
		5AFCB2BC20AEF0B00040B41E /* Assets.xcassets in Resources */ = {isa = PBXBuildFile; fileRef = 5AFCB2BB20AEF0B00040B41E /* Assets.xcassets */; };
		5AFCB2BF20AEF0B00040B41E /* LaunchScreen.storyboard in Resources */ = {isa = PBXBuildFile; fileRef = 5AFCB2BD20AEF0B00040B41E /* LaunchScreen.storyboard */; };
		5AFCB2D320AEF8BE0040B41E /* Localize.swift in Sources */ = {isa = PBXBuildFile; fileRef = 5AFCB2CF20AEF8BD0040B41E /* Localize.swift */; };
		5AFCB2D420AEF8BE0040B41E /* String+LocalizedBundleTableName.swift in Sources */ = {isa = PBXBuildFile; fileRef = 5AFCB2D020AEF8BD0040B41E /* String+LocalizedBundleTableName.swift */; };
		5AFCB2D520AEF8BE0040B41E /* String+LocalizeBundle.swift in Sources */ = {isa = PBXBuildFile; fileRef = 5AFCB2D120AEF8BE0040B41E /* String+LocalizeBundle.swift */; };
		5AFCB2D620AEF8BE0040B41E /* String+LocalizeTableName.swift in Sources */ = {isa = PBXBuildFile; fileRef = 5AFCB2D220AEF8BE0040B41E /* String+LocalizeTableName.swift */; };
		5AFCB2E720AF057A0040B41E /* Settings.bundle in Resources */ = {isa = PBXBuildFile; fileRef = 5AFCB2E620AF057A0040B41E /* Settings.bundle */; };
/* End PBXBuildFile section */

/* Begin PBXCopyFilesBuildPhase section */
		5AFCB2E420AEFCD00040B41E /* Embed Frameworks */ = {
			isa = PBXCopyFilesBuildPhase;
			buildActionMask = 2147483647;
			dstPath = "";
			dstSubfolderSpec = 10;
			files = (
			);
			name = "Embed Frameworks";
			runOnlyForDeploymentPostprocessing = 0;
		};
/* End PBXCopyFilesBuildPhase section */

/* Begin PBXFileReference section */
		5A26344920B2862E006F8CBB /* en */ = {isa = PBXFileReference; lastKnownFileType = text.plist.strings; name = en; path = en.lproj/Localizable.strings; sourceTree = "<group>"; };
		5A26344B20B28637006F8CBB /* hi */ = {isa = PBXFileReference; lastKnownFileType = text.plist.strings; name = hi; path = hi.lproj/Localizable.strings; sourceTree = "<group>"; };
		5AFCB2B120AEF0A70040B41E /* LKLocalization.app */ = {isa = PBXFileReference; explicitFileType = wrapper.application; includeInIndex = 0; path = LKLocalization.app; sourceTree = BUILT_PRODUCTS_DIR; };
		5AFCB2B420AEF0A70040B41E /* AppDelegate.swift */ = {isa = PBXFileReference; lastKnownFileType = sourcecode.swift; path = AppDelegate.swift; sourceTree = "<group>"; };
		5AFCB2B620AEF0A70040B41E /* ViewController.swift */ = {isa = PBXFileReference; lastKnownFileType = sourcecode.swift; path = ViewController.swift; sourceTree = "<group>"; };
		5AFCB2B920AEF0A70040B41E /* Base */ = {isa = PBXFileReference; lastKnownFileType = file.storyboard; name = Base; path = Base.lproj/Main.storyboard; sourceTree = "<group>"; };
		5AFCB2BB20AEF0B00040B41E /* Assets.xcassets */ = {isa = PBXFileReference; lastKnownFileType = folder.assetcatalog; path = Assets.xcassets; sourceTree = "<group>"; };
		5AFCB2BE20AEF0B00040B41E /* Base */ = {isa = PBXFileReference; lastKnownFileType = file.storyboard; name = Base; path = Base.lproj/LaunchScreen.storyboard; sourceTree = "<group>"; };
		5AFCB2C020AEF0B00040B41E /* Info.plist */ = {isa = PBXFileReference; lastKnownFileType = text.plist.xml; path = Info.plist; sourceTree = "<group>"; };
		5AFCB2CC20AEF38D0040B41E /* hi */ = {isa = PBXFileReference; lastKnownFileType = text.plist.strings; name = hi; path = hi.lproj/Main.strings; sourceTree = "<group>"; };
		5AFCB2CE20AEF3A20040B41E /* en */ = {isa = PBXFileReference; lastKnownFileType = text.plist.strings; name = en; path = en.lproj/Main.strings; sourceTree = "<group>"; };
		5AFCB2CF20AEF8BD0040B41E /* Localize.swift */ = {isa = PBXFileReference; fileEncoding = 4; lastKnownFileType = sourcecode.swift; path = Localize.swift; sourceTree = "<group>"; };
		5AFCB2D020AEF8BD0040B41E /* String+LocalizedBundleTableName.swift */ = {isa = PBXFileReference; fileEncoding = 4; lastKnownFileType = sourcecode.swift; path = "String+LocalizedBundleTableName.swift"; sourceTree = "<group>"; };
		5AFCB2D120AEF8BE0040B41E /* String+LocalizeBundle.swift */ = {isa = PBXFileReference; fileEncoding = 4; lastKnownFileType = sourcecode.swift; path = "String+LocalizeBundle.swift"; sourceTree = "<group>"; };
		5AFCB2D220AEF8BE0040B41E /* String+LocalizeTableName.swift */ = {isa = PBXFileReference; fileEncoding = 4; lastKnownFileType = sourcecode.swift; path = "String+LocalizeTableName.swift"; sourceTree = "<group>"; };
		5AFCB2E520AEFCFC0040B41E /* Foundation.framework */ = {isa = PBXFileReference; lastKnownFileType = wrapper.framework; name = Foundation.framework; path = System/Library/Frameworks/Foundation.framework; sourceTree = SDKROOT; };
		5AFCB2E620AF057A0040B41E /* Settings.bundle */ = {isa = PBXFileReference; lastKnownFileType = "wrapper.plug-in"; path = Settings.bundle; sourceTree = "<group>"; };
/* End PBXFileReference section */

/* Begin PBXFrameworksBuildPhase section */
		5AFCB2AE20AEF0A70040B41E /* Frameworks */ = {
			isa = PBXFrameworksBuildPhase;
			buildActionMask = 2147483647;
			files = (
			);
			runOnlyForDeploymentPostprocessing = 0;
		};
/* End PBXFrameworksBuildPhase section */

/* Begin PBXGroup section */
		5AFCB2A820AEF0A70040B41E = {
			isa = PBXGroup;
			children = (
				5A26344A20B2862E006F8CBB /* Localizable.strings */,
				5AFCB2CF20AEF8BD0040B41E /* Localize.swift */,
				5AFCB2D120AEF8BE0040B41E /* String+LocalizeBundle.swift */,
				5AFCB2D020AEF8BD0040B41E /* String+LocalizedBundleTableName.swift */,
				5AFCB2D220AEF8BE0040B41E /* String+LocalizeTableName.swift */,
				5AFCB2B320AEF0A70040B41E /* LKLocalization */,
				5AFCB2B220AEF0A70040B41E /* Products */,
				5AFCB2DE20AEF9AD0040B41E /* Frameworks */,
			);
			sourceTree = "<group>";
		};
		5AFCB2B220AEF0A70040B41E /* Products */ = {
			isa = PBXGroup;
			children = (
				5AFCB2B120AEF0A70040B41E /* LKLocalization.app */,
			);
			name = Products;
			sourceTree = "<group>";
		};
		5AFCB2B320AEF0A70040B41E /* LKLocalization */ = {
			isa = PBXGroup;
			children = (
				5AFCB2B420AEF0A70040B41E /* AppDelegate.swift */,
				5AFCB2B620AEF0A70040B41E /* ViewController.swift */,
				5AFCB2B820AEF0A70040B41E /* Main.storyboard */,
				5AFCB2BB20AEF0B00040B41E /* Assets.xcassets */,
				5AFCB2BD20AEF0B00040B41E /* LaunchScreen.storyboard */,
				5AFCB2C020AEF0B00040B41E /* Info.plist */,
				5AFCB2E620AF057A0040B41E /* Settings.bundle */,
			);
			path = LKLocalization;
			sourceTree = "<group>";
		};
		5AFCB2DE20AEF9AD0040B41E /* Frameworks */ = {
			isa = PBXGroup;
			children = (
				5AFCB2E520AEFCFC0040B41E /* Foundation.framework */,
			);
			name = Frameworks;
			sourceTree = "<group>";
		};
/* End PBXGroup section */

/* Begin PBXNativeTarget section */
		5AFCB2B020AEF0A70040B41E /* LKLocalization */ = {
			isa = PBXNativeTarget;
			buildConfigurationList = 5AFCB2C320AEF0B00040B41E /* Build configuration list for PBXNativeTarget "LKLocalization" */;
			buildPhases = (
				5AFCB2AD20AEF0A70040B41E /* Sources */,
				5AFCB2AE20AEF0A70040B41E /* Frameworks */,
				5AFCB2AF20AEF0A70040B41E /* Resources */,
				5AFCB2E420AEFCD00040B41E /* Embed Frameworks */,
			);
			buildRules = (
			);
			dependencies = (
			);
			name = LKLocalization;
			productName = LKLocalization;
			productReference = 5AFCB2B120AEF0A70040B41E /* LKLocalization.app */;
			productType = "com.apple.product-type.application";
		};
/* End PBXNativeTarget section */

/* Begin PBXProject section */
		5AFCB2A920AEF0A70040B41E /* Project object */ = {
			isa = PBXProject;
			attributes = {
				LastSwiftUpdateCheck = 0930;
				LastUpgradeCheck = 0930;
				ORGANIZATIONNAME = "Leela Prasad";
				TargetAttributes = {
					5AFCB2B020AEF0A70040B41E = {
						CreatedOnToolsVersion = 9.3.1;
					};
				};
			};
			buildConfigurationList = 5AFCB2AC20AEF0A70040B41E /* Build configuration list for PBXProject "LKLocalization" */;
			compatibilityVersion = "Xcode 9.3";
			developmentRegion = en;
			hasScannedForEncodings = 0;
			knownRegions = (
				en,
				Base,
				hi,
			);
			mainGroup = 5AFCB2A820AEF0A70040B41E;
			productRefGroup = 5AFCB2B220AEF0A70040B41E /* Products */;
			projectDirPath = "";
			projectRoot = "";
			targets = (
				5AFCB2B020AEF0A70040B41E /* LKLocalization */,
			);
		};
/* End PBXProject section */

/* Begin PBXResourcesBuildPhase section */
		5AFCB2AF20AEF0A70040B41E /* Resources */ = {
			isa = PBXResourcesBuildPhase;
			buildActionMask = 2147483647;
			files = (
				5AFCB2BF20AEF0B00040B41E /* LaunchScreen.storyboard in Resources */,
				5A26344820B2862E006F8CBB /* Localizable.strings in Resources */,
				5AFCB2E720AF057A0040B41E /* Settings.bundle in Resources */,
				5AFCB2BC20AEF0B00040B41E /* Assets.xcassets in Resources */,
				5AFCB2BA20AEF0A70040B41E /* Main.storyboard in Resources */,
			);
			runOnlyForDeploymentPostprocessing = 0;
		};
/* End PBXResourcesBuildPhase section */

/* Begin PBXSourcesBuildPhase section */
		5AFCB2AD20AEF0A70040B41E /* Sources */ = {
			isa = PBXSourcesBuildPhase;
			buildActionMask = 2147483647;
			files = (
				5AFCB2D420AEF8BE0040B41E /* String+LocalizedBundleTableName.swift in Sources */,
				5AFCB2D520AEF8BE0040B41E /* String+LocalizeBundle.swift in Sources */,
				5AFCB2D320AEF8BE0040B41E /* Localize.swift in Sources */,
				5AFCB2B720AEF0A70040B41E /* ViewController.swift in Sources */,
				5AFCB2B520AEF0A70040B41E /* AppDelegate.swift in Sources */,
				5AFCB2D620AEF8BE0040B41E /* String+LocalizeTableName.swift in Sources */,
			);
			runOnlyForDeploymentPostprocessing = 0;
		};
/* End PBXSourcesBuildPhase section */

/* Begin PBXVariantGroup section */
		5A26344A20B2862E006F8CBB /* Localizable.strings */ = {
			isa = PBXVariantGroup;
			children = (
				5A26344920B2862E006F8CBB /* en */,
				5A26344B20B28637006F8CBB /* hi */,
			);
			name = Localizable.strings;
			sourceTree = "<group>";
		};
		5AFCB2B820AEF0A70040B41E /* Main.storyboard */ = {
			isa = PBXVariantGroup;
			children = (
				5AFCB2B920AEF0A70040B41E /* Base */,
				5AFCB2CC20AEF38D0040B41E /* hi */,
				5AFCB2CE20AEF3A20040B41E /* en */,
			);
			name = Main.storyboard;
			sourceTree = "<group>";
		};
		5AFCB2BD20AEF0B00040B41E /* LaunchScreen.storyboard */ = {
			isa = PBXVariantGroup;
			children = (
				5AFCB2BE20AEF0B00040B41E /* Base */,
			);
			name = LaunchScreen.storyboard;
			sourceTree = "<group>";
		};
/* End PBXVariantGroup section */

/* Begin XCBuildConfiguration section */
		5AFCB2C120AEF0B00040B41E /* Debug */ = {
			isa = XCBuildConfiguration;
			buildSettings = {
				ALWAYS_SEARCH_USER_PATHS = NO;
				CLANG_ANALYZER_LOCALIZABILITY_NONLOCALIZED = YES;
				CLANG_ANALYZER_NONNULL = YES;
				CLANG_ANALYZER_NUMBER_OBJECT_CONVERSION = YES_AGGRESSIVE;
				CLANG_CXX_LANGUAGE_STANDARD = "gnu++14";
				CLANG_CXX_LIBRARY = "libc++";
				CLANG_ENABLE_MODULES = YES;
				CLANG_ENABLE_OBJC_ARC = YES;
				CLANG_ENABLE_OBJC_WEAK = YES;
				CLANG_WARN_BLOCK_CAPTURE_AUTORELEASING = YES;
				CLANG_WARN_BOOL_CONVERSION = YES;
				CLANG_WARN_COMMA = YES;
				CLANG_WARN_CONSTANT_CONVERSION = YES;
				CLANG_WARN_DEPRECATED_OBJC_IMPLEMENTATIONS = YES;
				CLANG_WARN_DIRECT_OBJC_ISA_USAGE = YES_ERROR;
				CLANG_WARN_DOCUMENTATION_COMMENTS = YES;
				CLANG_WARN_EMPTY_BODY = YES;
				CLANG_WARN_ENUM_CONVERSION = YES;
				CLANG_WARN_INFINITE_RECURSION = YES;
				CLANG_WARN_INT_CONVERSION = YES;
				CLANG_WARN_NON_LITERAL_NULL_CONVERSION = YES;
				CLANG_WARN_OBJC_IMPLICIT_RETAIN_SELF = YES;
				CLANG_WARN_OBJC_LITERAL_CONVERSION = YES;
				CLANG_WARN_OBJC_ROOT_CLASS = YES_ERROR;
				CLANG_WARN_RANGE_LOOP_ANALYSIS = YES;
				CLANG_WARN_STRICT_PROTOTYPES = YES;
				CLANG_WARN_SUSPICIOUS_MOVE = YES;
				CLANG_WARN_UNGUARDED_AVAILABILITY = YES_AGGRESSIVE;
				CLANG_WARN_UNREACHABLE_CODE = YES;
				CLANG_WARN__DUPLICATE_METHOD_MATCH = YES;
				CODE_SIGN_IDENTITY = "iPhone Developer";
				COPY_PHASE_STRIP = NO;
				DEBUG_INFORMATION_FORMAT = dwarf;
				ENABLE_STRICT_OBJC_MSGSEND = YES;
				ENABLE_TESTABILITY = YES;
				GCC_C_LANGUAGE_STANDARD = gnu11;
				GCC_DYNAMIC_NO_PIC = NO;
				GCC_NO_COMMON_BLOCKS = YES;
				GCC_OPTIMIZATION_LEVEL = 0;
				GCC_PREPROCESSOR_DEFINITIONS = (
					"DEBUG=1",
					"$(inherited)",
				);
				GCC_WARN_64_TO_32_BIT_CONVERSION = YES;
				GCC_WARN_ABOUT_RETURN_TYPE = YES_ERROR;
				GCC_WARN_UNDECLARED_SELECTOR = YES;
				GCC_WARN_UNINITIALIZED_AUTOS = YES_AGGRESSIVE;
				GCC_WARN_UNUSED_FUNCTION = YES;
				GCC_WARN_UNUSED_VARIABLE = YES;
				IPHONEOS_DEPLOYMENT_TARGET = 11.3;
				MTL_ENABLE_DEBUG_INFO = YES;
				ONLY_ACTIVE_ARCH = YES;
				SDKROOT = iphoneos;
				SWIFT_ACTIVE_COMPILATION_CONDITIONS = DEBUG;
				SWIFT_OPTIMIZATION_LEVEL = "-Onone";
			};
			name = Debug;
		};
		5AFCB2C220AEF0B00040B41E /* Release */ = {
			isa = XCBuildConfiguration;
			buildSettings = {
				ALWAYS_SEARCH_USER_PATHS = NO;
				CLANG_ANALYZER_LOCALIZABILITY_NONLOCALIZED = YES;
				CLANG_ANALYZER_NONNULL = YES;
				CLANG_ANALYZER_NUMBER_OBJECT_CONVERSION = YES_AGGRESSIVE;
				CLANG_CXX_LANGUAGE_STANDARD = "gnu++14";
				CLANG_CXX_LIBRARY = "libc++";
				CLANG_ENABLE_MODULES = YES;
				CLANG_ENABLE_OBJC_ARC = YES;
				CLANG_ENABLE_OBJC_WEAK = YES;
				CLANG_WARN_BLOCK_CAPTURE_AUTORELEASING = YES;
				CLANG_WARN_BOOL_CONVERSION = YES;
				CLANG_WARN_COMMA = YES;
				CLANG_WARN_CONSTANT_CONVERSION = YES;
				CLANG_WARN_DEPRECATED_OBJC_IMPLEMENTATIONS = YES;
				CLANG_WARN_DIRECT_OBJC_ISA_USAGE = YES_ERROR;
				CLANG_WARN_DOCUMENTATION_COMMENTS = YES;
				CLANG_WARN_EMPTY_BODY = YES;
				CLANG_WARN_ENUM_CONVERSION = YES;
				CLANG_WARN_INFINITE_RECURSION = YES;
				CLANG_WARN_INT_CONVERSION = YES;
				CLANG_WARN_NON_LITERAL_NULL_CONVERSION = YES;
				CLANG_WARN_OBJC_IMPLICIT_RETAIN_SELF = YES;
				CLANG_WARN_OBJC_LITERAL_CONVERSION = YES;
				CLANG_WARN_OBJC_ROOT_CLASS = YES_ERROR;
				CLANG_WARN_RANGE_LOOP_ANALYSIS = YES;
				CLANG_WARN_STRICT_PROTOTYPES = YES;
				CLANG_WARN_SUSPICIOUS_MOVE = YES;
				CLANG_WARN_UNGUARDED_AVAILABILITY = YES_AGGRESSIVE;
				CLANG_WARN_UNREACHABLE_CODE = YES;
				CLANG_WARN__DUPLICATE_METHOD_MATCH = YES;
				CODE_SIGN_IDENTITY = "iPhone Developer";
				COPY_PHASE_STRIP = NO;
				DEBUG_INFORMATION_FORMAT = "dwarf-with-dsym";
				ENABLE_NS_ASSERTIONS = NO;
				ENABLE_STRICT_OBJC_MSGSEND = YES;
				GCC_C_LANGUAGE_STANDARD = gnu11;
				GCC_NO_COMMON_BLOCKS = YES;
				GCC_WARN_64_TO_32_BIT_CONVERSION = YES;
				GCC_WARN_ABOUT_RETURN_TYPE = YES_ERROR;
				GCC_WARN_UNDECLARED_SELECTOR = YES;
				GCC_WARN_UNINITIALIZED_AUTOS = YES_AGGRESSIVE;
				GCC_WARN_UNUSED_FUNCTION = YES;
				GCC_WARN_UNUSED_VARIABLE = YES;
				IPHONEOS_DEPLOYMENT_TARGET = 11.3;
				MTL_ENABLE_DEBUG_INFO = NO;
				SDKROOT = iphoneos;
				SWIFT_COMPILATION_MODE = wholemodule;
				SWIFT_OPTIMIZATION_LEVEL = "-O";
				VALIDATE_PRODUCT = YES;
			};
			name = Release;
		};
		5AFCB2C420AEF0B00040B41E /* Debug */ = {
			isa = XCBuildConfiguration;
			buildSettings = {
				ASSETCATALOG_COMPILER_APPICON_NAME = AppIcon;
				CODE_SIGN_STYLE = Automatic;
				DEVELOPMENT_TEAM = 5LC376D52F;
				INFOPLIST_FILE = LKLocalization/Info.plist;
				LD_RUNPATH_SEARCH_PATHS = (
					"$(inherited)",
					"@executable_path/Frameworks",
				);
				PRODUCT_BUNDLE_IDENTIFIER = ssss.LKLocalization;
				PRODUCT_NAME = "$(TARGET_NAME)";
				SWIFT_VERSION = 4.0;
				TARGETED_DEVICE_FAMILY = "1,2";
			};
			name = Debug;
		};
		5AFCB2C520AEF0B00040B41E /* Release */ = {
			isa = XCBuildConfiguration;
			buildSettings = {
				ASSETCATALOG_COMPILER_APPICON_NAME = AppIcon;
				CODE_SIGN_STYLE = Automatic;
				DEVELOPMENT_TEAM = 5LC376D52F;
				INFOPLIST_FILE = LKLocalization/Info.plist;
				LD_RUNPATH_SEARCH_PATHS = (
					"$(inherited)",
					"@executable_path/Frameworks",
				);
				PRODUCT_BUNDLE_IDENTIFIER = ssss.LKLocalization;
				PRODUCT_NAME = "$(TARGET_NAME)";
				SWIFT_VERSION = 4.0;
				TARGETED_DEVICE_FAMILY = "1,2";
			};
			name = Release;
		};
/* End XCBuildConfiguration section */

/* Begin XCConfigurationList section */
		5AFCB2AC20AEF0A70040B41E /* Build configuration list for PBXProject "LKLocalization" */ = {
			isa = XCConfigurationList;
			buildConfigurations = (
				5AFCB2C120AEF0B00040B41E /* Debug */,
				5AFCB2C220AEF0B00040B41E /* Release */,
			);
			defaultConfigurationIsVisible = 0;
			defaultConfigurationName = Release;
		};
		5AFCB2C320AEF0B00040B41E /* Build configuration list for PBXNativeTarget "LKLocalization" */ = {
			isa = XCConfigurationList;
			buildConfigurations = (
				5AFCB2C420AEF0B00040B41E /* Debug */,
				5AFCB2C520AEF0B00040B41E /* Release */,
			);
			defaultConfigurationIsVisible = 0;
			defaultConfigurationName = Release;
		};
/* End XCConfigurationList section */
	};
	rootObject = 5AFCB2A920AEF0A70040B41E /* Project object */;
}
